# This file was autogenerated by Stack.
# You should not edit this file by hand.
# For more information, please see the documentation at:
#   https://docs.haskellstack.org/en/stable/lock_files

packages:
- completed:
    hackage: megaparsec-4.4.0@sha256:aa17fa6f41e825466e085f5fcaa3ce7c2558b330a324f3638533d1a7fcd1210d,6603
    pantry-tree:
      size: 2394
      sha256: 97b6b17183ce020355f1354304d7fbe4b225d7af390da656ae4f801659c98329
  original:
    hackage: megaparsec-4.4.0
- completed:
    cabal-file:
      size: 1547
      sha256: b47802ab3bc3c44ccebdca3fa962dd0ef4e6e64aed77d82bb17f5a60aa270cd8
    name: permutation-safe
    version: 0.1.0.0
    git: https://github.com/fraser-dunlop/permutation-safe.git
    pantry-tree:
      size: 537
      sha256: 52abb80523a88e1138385117e506963d2bce743afb07e41e806ae44c944fadcf
    commit: 98b176dcd2acdfcab23bed8f4c5121df7661f343
  original:
    git: https://github.com/fraser-dunlop/permutation-safe.git
    commit: 98b176dcd2acdfcab23bed8f4c5121df7661f343
snapshots:
- completed:
    size: 498402
    url: https://raw.githubusercontent.com/commercialhaskell/stackage-snapshots/master/lts/13/24.yaml
    sha256: 33e96adfe24f112b62f6edd22565cdbaa13155703bbfbfdc3d0a9bc6138ae7bf
  original: lts-13.24
