# This file was autogenerated by Stack.
# You should not edit this file by hand.
# For more information, please see the documentation at:
#   https://docs.haskellstack.org/en/stable/lock_files

packages:
- completed:
    hackage: megaparsec-4.4.0@sha256:aa17fa6f41e825466e085f5fcaa3ce7c2558b330a324f3638533d1a7fcd1210d,6603
    pantry-tree:
      size: 2394
      sha256: 97b6b17183ce020355f1354304d7fbe4b225d7af390da656ae4f801659c98329
  original:
    hackage: megaparsec-4.4.0
- completed:
    hackage: tasty-1.1.0.1@sha256:7ae59ecb6550b91a73e23791d3c78b9d852b075cb519c3694e0790c0abd22d72,2449
    pantry-tree:
      size: 1723
      sha256: 6e1e6d9fe9c854115b6a834f91bacb782e8dcbf3562485dd696cfad166ffc71b
  original:
    hackage: tasty-1.1.0.1
- completed:
    hackage: tasty-ant-xml-1.1.4@sha256:b9ac0e8912b138e944d5ee94660cbfee500dbbf143d82607d7518a62f0925a68,917
    pantry-tree:
      size: 278
      sha256: f6b5a9486e3207bea4a69880cc0bc609e21099d49806a607f310fa7034e1c0bf
  original:
    hackage: tasty-ant-xml-1.1.4
- completed:
    cabal-file:
      size: 1547
      sha256: b47802ab3bc3c44ccebdca3fa962dd0ef4e6e64aed77d82bb17f5a60aa270cd8
    name: permutation-safe
    version: 0.1.0.0
    git: https://github.com/fraser-dunlop/permutation-safe.git
    pantry-tree:
      size: 537
      sha256: 8c37e47c2a8009cbf06f4c864fad018f848fe322f8309e52164892ec9af4a6bb
    commit: 52b577751f6ebb55e333471829fff4dc1b44fc98
  original:
    git: https://github.com/fraser-dunlop/permutation-safe.git
    commit: 52b577751f6ebb55e333471829fff4dc1b44fc98
snapshots:
- completed:
    size: 509471
    url: https://raw.githubusercontent.com/commercialhaskell/stackage-snapshots/master/lts/12/26.yaml
    sha256: 95f014df58d0679b1c4a2b7bf2b652b61da8d30de5f571abb0d59015ef678646
  original: lts-12.26
